<?xml version="1.0" encoding="utf-8"?>
<Project ToolsVersion="4.0" xmlns="http://schemas.microsoft.com/developer/msbuild/2003">
  <ItemGroup>
    <Filter Include="ソース ファイル">
      <UniqueIdentifier>{4FC737F1-C7A5-4376-A066-2A32D752A2FF}</UniqueIdentifier>
      <Extensions>cpp;c;cc;cxx;c++;cppm;ixx;def;odl;idl;hpj;bat;asm;asmx</Extensions>
    </Filter>
    <Filter Include="ソース ファイル\Build">
      <UniqueIdentifier>{4390637f-6373-40d7-abf1-fd44292c5e22}</UniqueIdentifier>
    </Filter>
    <Filter Include="ソース ファイル\Search">
      <UniqueIdentifier>{8389c6da-1008-499a-9f51-5796982c65a5}</UniqueIdentifier>
    </Filter>
  </ItemGroup>
  <ItemGroup>
    <ClCompile Include="..\main.cpp" />
    <ClCompile Include="..\HoleDigging.cpp">
      <Filter>ソース ファイル\Build</Filter>
    </ClCompile>
    <ClCompile Include="..\WallExtend.cpp">
      <Filter>ソース ファイル\Build</Filter>
    </ClCompile>
    <ClCompile Include="..\ASter.cpp">
      <Filter>ソース ファイル\Search</Filter>
    </ClCompile>
    <ClCompile Include="..\BellmanFord.cpp">
      <Filter>ソース ファイル\Search</Filter>
    </ClCompile>
    <ClCompile Include="..\Method.cpp" />
    <ClCompile Include="..\Dijkstra.cpp">
      <Filter>ソース ファイル\Search</Filter>
    </ClCompile>
  </ItemGroup>
  <ItemGroup>
    <ClInclude Include="..\Method.h" />
  </ItemGroup>
</Project>